// !$*UTF8*$!
{
	archiveVersion = 1;
	classes = {
	};
	objectVersion = 50;
	objects = {

/* Begin PBXBuildFile section */
		6831CBD6260B90B5008CC565 /* AppDelegate.swift in Sources */ = {isa = PBXBuildFile; fileRef = 6831CBD5260B90B5008CC565 /* AppDelegate.swift */; };
		6831CBD8260B90B5008CC565 /* SceneDelegate.swift in Sources */ = {isa = PBXBuildFile; fileRef = 6831CBD7260B90B5008CC565 /* SceneDelegate.swift */; };
		6831CBDD260B90B5008CC565 /* Main.storyboard in Resources */ = {isa = PBXBuildFile; fileRef = 6831CBDB260B90B5008CC565 /* Main.storyboard */; };
		6831CBDF260B90BB008CC565 /* Assets.xcassets in Resources */ = {isa = PBXBuildFile; fileRef = 6831CBDE260B90BB008CC565 /* Assets.xcassets */; };
		6831CBE2260B90BB008CC565 /* LaunchScreen.storyboard in Resources */ = {isa = PBXBuildFile; fileRef = 6831CBE0260B90BB008CC565 /* LaunchScreen.storyboard */; };
		6831CBED260B90BB008CC565 /* PickADriverTests.swift in Sources */ = {isa = PBXBuildFile; fileRef = 6831CBEC260B90BB008CC565 /* PickADriverTests.swift */; };
		6831CBF8260B90BB008CC565 /* PickADriverUITests.swift in Sources */ = {isa = PBXBuildFile; fileRef = 6831CBF7260B90BB008CC565 /* PickADriverUITests.swift */; };
		6831CC0C260B9282008CC565 /* NamesTableViewController.swift in Sources */ = {isa = PBXBuildFile; fileRef = 6831CC0B260B9282008CC565 /* NamesTableViewController.swift */; };
		6831CC112614CC95008CC565 /* PeriodTableViewController.swift in Sources */ = {isa = PBXBuildFile; fileRef = 6831CC102614CC95008CC565 /* PeriodTableViewController.swift */; };
/* End PBXBuildFile section */

/* Begin PBXContainerItemProxy section */
		6831CBE9260B90BB008CC565 /* PBXContainerItemProxy */ = {
			isa = PBXContainerItemProxy;
			containerPortal = 6831CBCA260B90B5008CC565 /* Project object */;
			proxyType = 1;
			remoteGlobalIDString = 6831CBD1260B90B5008CC565;
			remoteInfo = PickADriver;
		};
		6831CBF4260B90BB008CC565 /* PBXContainerItemProxy */ = {
			isa = PBXContainerItemProxy;
			containerPortal = 6831CBCA260B90B5008CC565 /* Project object */;
			proxyType = 1;
			remoteGlobalIDString = 6831CBD1260B90B5008CC565;
			remoteInfo = PickADriver;
		};
/* End PBXContainerItemProxy section */

/* Begin PBXFileReference section */
		6831CBD2260B90B5008CC565 /* PickADriver.app */ = {isa = PBXFileReference; explicitFileType = wrapper.application; includeInIndex = 0; path = PickADriver.app; sourceTree = BUILT_PRODUCTS_DIR; };
		6831CBD5260B90B5008CC565 /* AppDelegate.swift */ = {isa = PBXFileReference; lastKnownFileType = sourcecode.swift; path = AppDelegate.swift; sourceTree = "<group>"; };
		6831CBD7260B90B5008CC565 /* SceneDelegate.swift */ = {isa = PBXFileReference; lastKnownFileType = sourcecode.swift; path = SceneDelegate.swift; sourceTree = "<group>"; };
		6831CBDC260B90B5008CC565 /* Base */ = {isa = PBXFileReference; lastKnownFileType = file.storyboard; name = Base; path = Base.lproj/Main.storyboard; sourceTree = "<group>"; };
		6831CBDE260B90BB008CC565 /* Assets.xcassets */ = {isa = PBXFileReference; lastKnownFileType = folder.assetcatalog; path = Assets.xcassets; sourceTree = "<group>"; };
		6831CBE1260B90BB008CC565 /* Base */ = {isa = PBXFileReference; lastKnownFileType = file.storyboard; name = Base; path = Base.lproj/LaunchScreen.storyboard; sourceTree = "<group>"; };
		6831CBE3260B90BB008CC565 /* Info.plist */ = {isa = PBXFileReference; lastKnownFileType = text.plist.xml; path = Info.plist; sourceTree = "<group>"; };
		6831CBE8260B90BB008CC565 /* PickADriverTests.xctest */ = {isa = PBXFileReference; explicitFileType = wrapper.cfbundle; includeInIndex = 0; path = PickADriverTests.xctest; sourceTree = BUILT_PRODUCTS_DIR; };
		6831CBEC260B90BB008CC565 /* PickADriverTests.swift */ = {isa = PBXFileReference; lastKnownFileType = sourcecode.swift; path = PickADriverTests.swift; sourceTree = "<group>"; };
		6831CBEE260B90BB008CC565 /* Info.plist */ = {isa = PBXFileReference; lastKnownFileType = text.plist.xml; path = Info.plist; sourceTree = "<group>"; };
		6831CBF3260B90BB008CC565 /* PickADriverUITests.xctest */ = {isa = PBXFileReference; explicitFileType = wrapper.cfbundle; includeInIndex = 0; path = PickADriverUITests.xctest; sourceTree = BUILT_PRODUCTS_DIR; };
		6831CBF7260B90BB008CC565 /* PickADriverUITests.swift */ = {isa = PBXFileReference; lastKnownFileType = sourcecode.swift; path = PickADriverUITests.swift; sourceTree = "<group>"; };
		6831CBF9260B90BB008CC565 /* Info.plist */ = {isa = PBXFileReference; lastKnownFileType = text.plist.xml; path = Info.plist; sourceTree = "<group>"; };
		6831CC0B260B9282008CC565 /* NamesTableViewController.swift */ = {isa = PBXFileReference; lastKnownFileType = sourcecode.swift; path = NamesTableViewController.swift; sourceTree = "<group>"; };
		6831CC102614CC95008CC565 /* PeriodTableViewController.swift */ = {isa = PBXFileReference; lastKnownFileType = sourcecode.swift; path = PeriodTableViewController.swift; sourceTree = "<group>"; };
/* End PBXFileReference section */

/* Begin PBXFrameworksBuildPhase section */
		6831CBCF260B90B5008CC565 /* Frameworks */ = {
			isa = PBXFrameworksBuildPhase;
			buildActionMask = 2147483647;
			files = (
			);
			runOnlyForDeploymentPostprocessing = 0;
		};
		6831CBE5260B90BB008CC565 /* Frameworks */ = {
			isa = PBXFrameworksBuildPhase;
			buildActionMask = 2147483647;
			files = (
			);
			runOnlyForDeploymentPostprocessing = 0;
		};
		6831CBF0260B90BB008CC565 /* Frameworks */ = {
			isa = PBXFrameworksBuildPhase;
			buildActionMask = 2147483647;
			files = (
			);
			runOnlyForDeploymentPostprocessing = 0;
		};
/* End PBXFrameworksBuildPhase section */

/* Begin PBXGroup section */
		6831CBC9260B90B5008CC565 = {
			isa = PBXGroup;
			children = (
				6831CBD4260B90B5008CC565 /* PickADriver */,
				6831CBEB260B90BB008CC565 /* PickADriverTests */,
				6831CBF6260B90BB008CC565 /* PickADriverUITests */,
				6831CBD3260B90B5008CC565 /* Products */,
			);
			sourceTree = "<group>";
		};
		6831CBD3260B90B5008CC565 /* Products */ = {
			isa = PBXGroup;
			children = (
				6831CBD2260B90B5008CC565 /* PickADriver.app */,
				6831CBE8260B90BB008CC565 /* PickADriverTests.xctest */,
				6831CBF3260B90BB008CC565 /* PickADriverUITests.xctest */,
			);
			name = Products;
			sourceTree = "<group>";
		};
		6831CBD4260B90B5008CC565 /* PickADriver */ = {
			isa = PBXGroup;
			children = (
				6831CBD5260B90B5008CC565 /* AppDelegate.swift */,
				6831CBD7260B90B5008CC565 /* SceneDelegate.swift */,
				6831CBDB260B90B5008CC565 /* Main.storyboard */,
				6831CC102614CC95008CC565 /* PeriodTableViewController.swift */,
				6831CC0B260B9282008CC565 /* NamesTableViewController.swift */,
				6831CBDE260B90BB008CC565 /* Assets.xcassets */,
				6831CBE0260B90BB008CC565 /* LaunchScreen.storyboard */,
				6831CBE3260B90BB008CC565 /* Info.plist */,
			);
			path = PickADriver;
			sourceTree = "<group>";
		};
		6831CBEB260B90BB008CC565 /* PickADriverTests */ = {
			isa = PBXGroup;
			children = (
				6831CBEC260B90BB008CC565 /* PickADriverTests.swift */,
				6831CBEE260B90BB008CC565 /* Info.plist */,
			);
			path = PickADriverTests;
			sourceTree = "<group>";
		};
		6831CBF6260B90BB008CC565 /* PickADriverUITests */ = {
			isa = PBXGroup;
			children = (
				6831CBF7260B90BB008CC565 /* PickADriverUITests.swift */,
				6831CBF9260B90BB008CC565 /* Info.plist */,
			);
			path = PickADriverUITests;
			sourceTree = "<group>";
		};
/* End PBXGroup section */

/* Begin PBXNativeTarget section */
		6831CBD1260B90B5008CC565 /* PickADriver */ = {
			isa = PBXNativeTarget;
			buildConfigurationList = 6831CBFC260B90BB008CC565 /* Build configuration list for PBXNativeTarget "PickADriver" */;
			buildPhases = (
				6831CBCE260B90B5008CC565 /* Sources */,
				6831CBCF260B90B5008CC565 /* Frameworks */,
				6831CBD0260B90B5008CC565 /* Resources */,
			);
			buildRules = (
			);
			dependencies = (
			);
			name = PickADriver;
			productName = PickADriver;
			productReference = 6831CBD2260B90B5008CC565 /* PickADriver.app */;
			productType = "com.apple.product-type.application";
		};
		6831CBE7260B90BB008CC565 /* PickADriverTests */ = {
			isa = PBXNativeTarget;
			buildConfigurationList = 6831CBFF260B90BB008CC565 /* Build configuration list for PBXNativeTarget "PickADriverTests" */;
			buildPhases = (
				6831CBE4260B90BB008CC565 /* Sources */,
				6831CBE5260B90BB008CC565 /* Frameworks */,
				6831CBE6260B90BB008CC565 /* Resources */,
			);
			buildRules = (
			);
			dependencies = (
				6831CBEA260B90BB008CC565 /* PBXTargetDependency */,
			);
			name = PickADriverTests;
			productName = PickADriverTests;
			productReference = 6831CBE8260B90BB008CC565 /* PickADriverTests.xctest */;
			productType = "com.apple.product-type.bundle.unit-test";
		};
		6831CBF2260B90BB008CC565 /* PickADriverUITests */ = {
			isa = PBXNativeTarget;
			buildConfigurationList = 6831CC02260B90BB008CC565 /* Build configuration list for PBXNativeTarget "PickADriverUITests" */;
			buildPhases = (
				6831CBEF260B90BB008CC565 /* Sources */,
				6831CBF0260B90BB008CC565 /* Frameworks */,
				6831CBF1260B90BB008CC565 /* Resources */,
			);
			buildRules = (
			);
			dependencies = (
				6831CBF5260B90BB008CC565 /* PBXTargetDependency */,
			);
			name = PickADriverUITests;
			productName = PickADriverUITests;
			productReference = 6831CBF3260B90BB008CC565 /* PickADriverUITests.xctest */;
			productType = "com.apple.product-type.bundle.ui-testing";
		};
/* End PBXNativeTarget section */

/* Begin PBXProject section */
		6831CBCA260B90B5008CC565 /* Project object */ = {
			isa = PBXProject;
			attributes = {
				LastSwiftUpdateCheck = 1230;
				LastUpgradeCheck = 1230;
				TargetAttributes = {
					6831CBD1260B90B5008CC565 = {
						CreatedOnToolsVersion = 12.3;
					};
					6831CBE7260B90BB008CC565 = {
						CreatedOnToolsVersion = 12.3;
						TestTargetID = 6831CBD1260B90B5008CC565;
					};
					6831CBF2260B90BB008CC565 = {
						CreatedOnToolsVersion = 12.3;
						TestTargetID = 6831CBD1260B90B5008CC565;
					};
				};
			};
			buildConfigurationList = 6831CBCD260B90B5008CC565 /* Build configuration list for PBXProject "PickADriver" */;
			compatibilityVersion = "Xcode 9.3";
			developmentRegion = en;
			hasScannedForEncodings = 0;
			knownRegions = (
				en,
				Base,
			);
			mainGroup = 6831CBC9260B90B5008CC565;
			productRefGroup = 6831CBD3260B90B5008CC565 /* Products */;
			projectDirPath = "";
			projectRoot = "";
			targets = (
				6831CBD1260B90B5008CC565 /* PickADriver */,
				6831CBE7260B90BB008CC565 /* PickADriverTests */,
				6831CBF2260B90BB008CC565 /* PickADriverUITests */,
			);
		};
/* End PBXProject section */

/* Begin PBXResourcesBuildPhase section */
		6831CBD0260B90B5008CC565 /* Resources */ = {
			isa = PBXResourcesBuildPhase;
			buildActionMask = 2147483647;
			files = (
				6831CBE2260B90BB008CC565 /* LaunchScreen.storyboard in Resources */,
				6831CBDF260B90BB008CC565 /* Assets.xcassets in Resources */,
				6831CBDD260B90B5008CC565 /* Main.storyboard in Resources */,
			);
			runOnlyForDeploymentPostprocessing = 0;
		};
		6831CBE6260B90BB008CC565 /* Resources */ = {
			isa = PBXResourcesBuildPhase;
			buildActionMask = 2147483647;
			files = (
			);
			runOnlyForDeploymentPostprocessing = 0;
		};
		6831CBF1260B90BB008CC565 /* Resources */ = {
			isa = PBXResourcesBuildPhase;
			buildActionMask = 2147483647;
			files = (
			);
			runOnlyForDeploymentPostprocessing = 0;
		};
/* End PBXResourcesBuildPhase section */

/* Begin PBXSourcesBuildPhase section */
		6831CBCE260B90B5008CC565 /* Sources */ = {
			isa = PBXSourcesBuildPhase;
			buildActionMask = 2147483647;
			files = (
				6831CC112614CC95008CC565 /* PeriodTableViewController.swift in Sources */,
				6831CBD6260B90B5008CC565 /* AppDelegate.swift in Sources */,
				6831CC0C260B9282008CC565 /* NamesTableViewController.swift in Sources */,
				6831CBD8260B90B5008CC565 /* SceneDelegate.swift in Sources */,
			);
			runOnlyForDeploymentPostprocessing = 0;
		};
		6831CBE4260B90BB008CC565 /* Sources */ = {
			isa = PBXSourcesBuildPhase;
			buildActionMask = 2147483647;
			files = (
				6831CBED260B90BB008CC565 /* PickADriverTests.swift in Sources */,
			);
			runOnlyForDeploymentPostprocessing = 0;
		};
		6831CBEF260B90BB008CC565 /* Sources */ = {
			isa = PBXSourcesBuildPhase;
			buildActionMask = 2147483647;
			files = (
				6831CBF8260B90BB008CC565 /* PickADriverUITests.swift in Sources */,
			);
			runOnlyForDeploymentPostprocessing = 0;
		};
/* End PBXSourcesBuildPhase section */

/* Begin PBXTargetDependency section */
		6831CBEA260B90BB008CC565 /* PBXTargetDependency */ = {
			isa = PBXTargetDependency;
			target = 6831CBD1260B90B5008CC565 /* PickADriver */;
			targetProxy = 6831CBE9260B90BB008CC565 /* PBXContainerItemProxy */;
		};
		6831CBF5260B90BB008CC565 /* PBXTargetDependency */ = {
			isa = PBXTargetDependency;
			target = 6831CBD1260B90B5008CC565 /* PickADriver */;
			targetProxy = 6831CBF4260B90BB008CC565 /* PBXContainerItemProxy */;
		};
/* End PBXTargetDependency section */

/* Begin PBXVariantGroup section */
		6831CBDB260B90B5008CC565 /* Main.storyboard */ = {
			isa = PBXVariantGroup;
			children = (
				6831CBDC260B90B5008CC565 /* Base */,
			);
			name = Main.storyboard;
			sourceTree = "<group>";
		};
		6831CBE0260B90BB008CC565 /* LaunchScreen.storyboard */ = {
			isa = PBXVariantGroup;
			children = (
				6831CBE1260B90BB008CC565 /* Base */,
			);
			name = LaunchScreen.storyboard;
			sourceTree = "<group>";
		};
/* End PBXVariantGroup section */

/* Begin XCBuildConfiguration section */
		6831CBFA260B90BB008CC565 /* Debug */ = {
			isa = XCBuildConfiguration;
			buildSettings = {
				ALWAYS_SEARCH_USER_PATHS = NO;
				CLANG_ANALYZER_NONNULL = YES;
				CLANG_ANALYZER_NUMBER_OBJECT_CONVERSION = YES_AGGRESSIVE;
				CLANG_CXX_LANGUAGE_STANDARD = "gnu++14";
				CLANG_CXX_LIBRARY = "libc++";
				CLANG_ENABLE_MODULES = YES;
				CLANG_ENABLE_OBJC_ARC = YES;
				CLANG_ENABLE_OBJC_WEAK = YES;
				CLANG_WARN_BLOCK_CAPTURE_AUTORELEASING = YES;
				CLANG_WARN_BOOL_CONVERSION = YES;
				CLANG_WARN_COMMA = YES;
				CLANG_WARN_CONSTANT_CONVERSION = YES;
				CLANG_WARN_DEPRECATED_OBJC_IMPLEMENTATIONS = YES;
				CLANG_WARN_DIRECT_OBJC_ISA_USAGE = YES_ERROR;
				CLANG_WARN_DOCUMENTATION_COMMENTS = YES;
				CLANG_WARN_EMPTY_BODY = YES;
				CLANG_WARN_ENUM_CONVERSION = YES;
				CLANG_WARN_INFINITE_RECURSION = YES;
				CLANG_WARN_INT_CONVERSION = YES;
				CLANG_WARN_NON_LITERAL_NULL_CONVERSION = YES;
				CLANG_WARN_OBJC_IMPLICIT_RETAIN_SELF = YES;
				CLANG_WARN_OBJC_LITERAL_CONVERSION = YES;
				CLANG_WARN_OBJC_ROOT_CLASS = YES_ERROR;
				CLANG_WARN_QUOTED_INCLUDE_IN_FRAMEWORK_HEADER = YES;
				CLANG_WARN_RANGE_LOOP_ANALYSIS = YES;
				CLANG_WARN_STRICT_PROTOTYPES = YES;
				CLANG_WARN_SUSPICIOUS_MOVE = YES;
				CLANG_WARN_UNGUARDED_AVAILABILITY = YES_AGGRESSIVE;
				CLANG_WARN_UNREACHABLE_CODE = YES;
				CLANG_WARN__DUPLICATE_METHOD_MATCH = YES;
				COPY_PHASE_STRIP = NO;
				DEBUG_INFORMATION_FORMAT = dwarf;
				ENABLE_STRICT_OBJC_MSGSEND = YES;
				ENABLE_TESTABILITY = YES;
				GCC_C_LANGUAGE_STANDARD = gnu11;
				GCC_DYNAMIC_NO_PIC = NO;
				GCC_NO_COMMON_BLOCKS = YES;
				GCC_OPTIMIZATION_LEVEL = 0;
				GCC_PREPROCESSOR_DEFINITIONS = (
					"DEBUG=1",
					"$(inherited)",
				);
				GCC_WARN_64_TO_32_BIT_CONVERSION = YES;
				GCC_WARN_ABOUT_RETURN_TYPE = YES_ERROR;
				GCC_WARN_UNDECLARED_SELECTOR = YES;
				GCC_WARN_UNINITIALIZED_AUTOS = YES_AGGRESSIVE;
				GCC_WARN_UNUSED_FUNCTION = YES;
				GCC_WARN_UNUSED_VARIABLE = YES;
				IPHONEOS_DEPLOYMENT_TARGET = 14.3;
				MTL_ENABLE_DEBUG_INFO = INCLUDE_SOURCE;
				MTL_FAST_MATH = YES;
				ONLY_ACTIVE_ARCH = YES;
				SDKROOT = iphoneos;
				SWIFT_ACTIVE_COMPILATION_CONDITIONS = DEBUG;
				SWIFT_OPTIMIZATION_LEVEL = "-Onone";
			};
			name = Debug;
		};
		6831CBFB260B90BB008CC565 /* Release */ = {
			isa = XCBuildConfiguration;
			buildSettings = {
				ALWAYS_SEARCH_USER_PATHS = NO;
				CLANG_ANALYZER_NONNULL = YES;
				CLANG_ANALYZER_NUMBER_OBJECT_CONVERSION = YES_AGGRESSIVE;
				CLANG_CXX_LANGUAGE_STANDARD = "gnu++14";
				CLANG_CXX_LIBRARY = "libc++";
				CLANG_ENABLE_MODULES = YES;
				CLANG_ENABLE_OBJC_ARC = YES;
				CLANG_ENABLE_OBJC_WEAK = YES;
				CLANG_WARN_BLOCK_CAPTURE_AUTORELEASING = YES;
				CLANG_WARN_BOOL_CONVERSION = YES;
				CLANG_WARN_COMMA = YES;
				CLANG_WARN_CONSTANT_CONVERSION = YES;
				CLANG_WARN_DEPRECATED_OBJC_IMPLEMENTATIONS = YES;
				CLANG_WARN_DIRECT_OBJC_ISA_USAGE = YES_ERROR;
				CLANG_WARN_DOCUMENTATION_COMMENTS = YES;
				CLANG_WARN_EMPTY_BODY = YES;
				CLANG_WARN_ENUM_CONVERSION = YES;
				CLANG_WARN_INFINITE_RECURSION = YES;
				CLANG_WARN_INT_CONVERSION = YES;
				CLANG_WARN_NON_LITERAL_NULL_CONVERSION = YES;
				CLANG_WARN_OBJC_IMPLICIT_RETAIN_SELF = YES;
				CLANG_WARN_OBJC_LITERAL_CONVERSION = YES;
				CLANG_WARN_OBJC_ROOT_CLASS = YES_ERROR;
				CLANG_WARN_QUOTED_INCLUDE_IN_FRAMEWORK_HEADER = YES;
				CLANG_WARN_RANGE_LOOP_ANALYSIS = YES;
				CLANG_WARN_STRICT_PROTOTYPES = YES;
				CLANG_WARN_SUSPICIOUS_MOVE = YES;
				CLANG_WARN_UNGUARDED_AVAILABILITY = YES_AGGRESSIVE;
				CLANG_WARN_UNREACHABLE_CODE = YES;
				CLANG_WARN__DUPLICATE_METHOD_MATCH = YES;
				COPY_PHASE_STRIP = NO;
				DEBUG_INFORMATION_FORMAT = "dwarf-with-dsym";
				ENABLE_NS_ASSERTIONS = NO;
				ENABLE_STRICT_OBJC_MSGSEND = YES;
				GCC_C_LANGUAGE_STANDARD = gnu11;
				GCC_NO_COMMON_BLOCKS = YES;
				GCC_WARN_64_TO_32_BIT_CONVERSION = YES;
				GCC_WARN_ABOUT_RETURN_TYPE = YES_ERROR;
				GCC_WARN_UNDECLARED_SELECTOR = YES;
				GCC_WARN_UNINITIALIZED_AUTOS = YES_AGGRESSIVE;
				GCC_WARN_UNUSED_FUNCTION = YES;
				GCC_WARN_UNUSED_VARIABLE = YES;
				IPHONEOS_DEPLOYMENT_TARGET = 14.3;
				MTL_ENABLE_DEBUG_INFO = NO;
				MTL_FAST_MATH = YES;
				SDKROOT = iphoneos;
				SWIFT_COMPILATION_MODE = wholemodule;
				SWIFT_OPTIMIZATION_LEVEL = "-O";
				VALIDATE_PRODUCT = YES;
			};
			name = Release;
		};
		6831CBFD260B90BB008CC565 /* Debug */ = {
			isa = XCBuildConfiguration;
			buildSettings = {
				ASSETCATALOG_COMPILER_APPICON_NAME = AppIcon;
				ASSETCATALOG_COMPILER_GLOBAL_ACCENT_COLOR_NAME = AccentColor;
				CODE_SIGN_STYLE = Automatic;
				DEVELOPMENT_TEAM = GR5565QH8U;
				INFOPLIST_FILE = PickADriver/Info.plist;
				LD_RUNPATH_SEARCH_PATHS = (
					"$(inherited)",
					"@executable_path/Frameworks",
				);
				PRODUCT_BUNDLE_IDENTIFIER = EC.PickADriver;
				PRODUCT_NAME = "$(TARGET_NAME)";
				SWIFT_VERSION = 5.0;
				TARGETED_DEVICE_FAMILY = "1,2";
			};
			name = Debug;
		};
		6831CBFE260B90BB008CC565 /* Release */ = {
			isa = XCBuildConfiguration;
			buildSettings = {
				ASSETCATALOG_COMPILER_APPICON_NAME = AppIcon;
				ASSETCATALOG_COMPILER_GLOBAL_ACCENT_COLOR_NAME = AccentColor;
				CODE_SIGN_STYLE = Automatic;
				DEVELOPMENT_TEAM = GR5565QH8U;
				INFOPLIST_FILE = PickADriver/Info.plist;
				LD_RUNPATH_SEARCH_PATHS = (
					"$(inherited)",
					"@executable_path/Frameworks",
				);
				PRODUCT_BUNDLE_IDENTIFIER = EC.PickADriver;
				PRODUCT_NAME = "$(TARGET_NAME)";
				SWIFT_VERSION = 5.0;
				TARGETED_DEVICE_FAMILY = "1,2";
			};
			name = Release;
		};
		6831CC00260B90BB008CC565 /* Debug */ = {
			isa = XCBuildConfiguration;
			buildSettings = {
				ALWAYS_EMBED_SWIFT_STANDARD_LIBRARIES = YES;
				BUNDLE_LOADER = "$(TEST_HOST)";
				CODE_SIGN_STYLE = Automatic;
				DEVELOPMENT_TEAM = GR5565QH8U;
				INFOPLIST_FILE = PickADriverTests/Info.plist;
				IPHONEOS_DEPLOYMENT_TARGET = 14.3;
				LD_RUNPATH_SEARCH_PATHS = (
					"$(inherited)",
					"@executable_path/Frameworks",
					"@loader_path/Frameworks",
				);
				PRODUCT_BUNDLE_IDENTIFIER = EC.PickADriverTests;
				PRODUCT_NAME = "$(TARGET_NAME)";
				SWIFT_VERSION = 5.0;
				TARGETED_DEVICE_FAMILY = "1,2";
				TEST_HOST = "$(BUILT_PRODUCTS_DIR)/PickADriver.app/PickADriver";
			};
			name = Debug;
		};
		6831CC01260B90BB008CC565 /* Release */ = {
			isa = XCBuildConfiguration;
			buildSettings = {
				ALWAYS_EMBED_SWIFT_STANDARD_LIBRARIES = YES;
				BUNDLE_LOADER = "$(TEST_HOST)";
				CODE_SIGN_STYLE = Automatic;
				DEVELOPMENT_TEAM = GR5565QH8U;
				INFOPLIST_FILE = PickADriverTests/Info.plist;
				IPHONEOS_DEPLOYMENT_TARGET = 14.3;
				LD_RUNPATH_SEARCH_PATHS = (
					"$(inherited)",
					"@executable_path/Frameworks",
					"@loader_path/Frameworks",
				);
				PRODUCT_BUNDLE_IDENTIFIER = EC.PickADriverTests;
				PRODUCT_NAME = "$(TARGET_NAME)";
				SWIFT_VERSION = 5.0;
				TARGETED_DEVICE_FAMILY = "1,2";
				TEST_HOST = "$(BUILT_PRODUCTS_DIR)/PickADriver.app/PickADriver";
			};
			name = Release;
		};
		6831CC03260B90BB008CC565 /* Debug */ = {
			isa = XCBuildConfiguration;
			buildSettings = {
				ALWAYS_EMBED_SWIFT_STANDARD_LIBRARIES = YES;
				CODE_SIGN_STYLE = Automatic;
				DEVELOPMENT_TEAM = GR5565QH8U;
				INFOPLIST_FILE = PickADriverUITests/Info.plist;
				LD_RUNPATH_SEARCH_PATHS = (
					"$(inherited)",
					"@executable_path/Frameworks",
					"@loader_path/Frameworks",
				);
				PRODUCT_BUNDLE_IDENTIFIER = EC.PickADriverUITests;
				PRODUCT_NAME = "$(TARGET_NAME)";
				SWIFT_VERSION = 5.0;
				TARGETED_DEVICE_FAMILY = "1,2";
				TEST_TARGET_NAME = PickADriver;
			};
			name = Debug;
		};
		6831CC04260B90BB008CC565 /* Release */ = {
			isa = XCBuildConfiguration;
			buildSettings = {
				ALWAYS_EMBED_SWIFT_STANDARD_LIBRARIES = YES;
				CODE_SIGN_STYLE = Automatic;
				DEVELOPMENT_TEAM = GR5565QH8U;
				INFOPLIST_FILE = PickADriverUITests/Info.plist;
				LD_RUNPATH_SEARCH_PATHS = (
					"$(inherited)",
					"@executable_path/Frameworks",
					"@loader_path/Frameworks",
				);
				PRODUCT_BUNDLE_IDENTIFIER = EC.PickADriverUITests;
				PRODUCT_NAME = "$(TARGET_NAME)";
				SWIFT_VERSION = 5.0;
				TARGETED_DEVICE_FAMILY = "1,2";
				TEST_TARGET_NAME = PickADriver;
			};
			name = Release;
		};
/* End XCBuildConfiguration section */

/* Begin XCConfigurationList section */
		6831CBCD260B90B5008CC565 /* Build configuration list for PBXProject "PickADriver" */ = {
			isa = XCConfigurationList;
			buildConfigurations = (
				6831CBFA260B90BB008CC565 /* Debug */,
				6831CBFB260B90BB008CC565 /* Release */,
			);
			defaultConfigurationIsVisible = 0;
			defaultConfigurationName = Release;
		};
		6831CBFC260B90BB008CC565 /* Build configuration list for PBXNativeTarget "PickADriver" */ = {
			isa = XCConfigurationList;
			buildConfigurations = (
				6831CBFD260B90BB008CC565 /* Debug */,
				6831CBFE260B90BB008CC565 /* Release */,
			);
			defaultConfigurationIsVisible = 0;
			defaultConfigurationName = Release;
		};
		6831CBFF260B90BB008CC565 /* Build configuration list for PBXNativeTarget "PickADriverTests" */ = {
			isa = XCConfigurationList;
			buildConfigurations = (
				6831CC00260B90BB008CC565 /* Debug */,
				6831CC01260B90BB008CC565 /* Release */,
			);
			defaultConfigurationIsVisible = 0;
			defaultConfigurationName = Release;
		};
		6831CC02260B90BB008CC565 /* Build configuration list for PBXNativeTarget "PickADriverUITests" */ = {
			isa = XCConfigurationList;
			buildConfigurations = (
				6831CC03260B90BB008CC565 /* Debug */,
				6831CC04260B90BB008CC565 /* Release */,
			);
			defaultConfigurationIsVisible = 0;
			defaultConfigurationName = Release;
		};
/* End XCConfigurationList section */
	};
	rootObject = 6831CBCA260B90B5008CC565 /* Project object */;
}
